
Microsoft Visual Studio Solution File, Format Version 12.00
# Visual Studio Version 17
VisualStudioVersion = 17.2.32616.157
MinimumVisualStudioVersion = 10.0.40219.1
Project("{FAE04EC0-301F-11D3-BF4B-00C04F79EFBC}") = "MiniProjet", "MiniProjet\MiniProjet.csproj", "{AEF53D1C-0B89-4FEC-8CE7-9DCA77AEDB9C}"
EndProject
Global
	GlobalSection(SolutionConfigurationPlatforms) = preSolution
		Debug|Any CPU = Debug|Any CPU
		Release|Any CPU = Release|Any CPU
	EndGlobalSection
	GlobalSection(ProjectConfigurationPlatforms) = postSolution
		{AEF53D1C-0B89-4FEC-8CE7-9DCA77AEDB9C}.Debug|Any CPU.ActiveCfg = Debug|Any CPU
		{AEF53D1C-0B89-4FEC-8CE7-9DCA77AEDB9C}.Debug|Any CPU.Build.0 = Debug|Any CPU
		{AEF53D1C-0B89-4FEC-8CE7-9DCA77AEDB9C}.Release|Any CPU.ActiveCfg = Release|Any CPU
		{AEF53D1C-0B89-4FEC-8CE7-9DCA77AEDB9C}.Release|Any CPU.Build.0 = Release|Any CPU
	EndGlobalSection
	GlobalSection(SolutionProperties) = preSolution
		HideSolutionNode = FALSE
	EndGlobalSection
	GlobalSection(ExtensibilityGlobals) = postSolution
		SolutionGuid = {92EC31D5-1F3B-454B-8F80-3B36853C506F}
	EndGlobalSection
EndGlobal
